version = 1
revision = 3
requires-python = ">=3.7, <4"
resolution-markers = [
    "python_full_version >= '3.9'",
    "python_full_version == '3.8.*'",
    "python_full_version < '3.8'",
]

[[package]]
name = "adafruit-blinka"
version = "8.66.2"
source = { registry = "https://pypi.org/simple" }
dependencies = [
    { name = "adafruit-circuitpython-typing", version = "1.10.1", source = { registry = "https://pypi.org/simple" }, marker = "python_full_version < '3.8'" },
    { name = "adafruit-circuitpython-typing", version = "1.12.2", source = { registry = "https://pypi.org/simple" }, marker = "python_full_version >= '3.8'" },
    { name = "adafruit-platformdetect" },
    { name = "adafruit-pureio" },
    { name = "binho-host-adapter" },
    { name = "pyftdi", version = "0.54.0", source = { registry = "https://pypi.org/simple" }, marker = "python_full_version < '3.8'" },
    { name = "pyftdi", version = "0.55.4", source = { registry = "https://pypi.org/simple" }, marker = "python_full_version == '3.8.*'" },
    { name = "pyftdi", version = "0.57.1", source = { registry = "https://pypi.org/simple" }, marker = "python_full_version >= '3.9'" },
    { name = "sysv-ipc", marker = "platform_machine != 'mips' and sys_platform == 'linux'" },
    { name = "toml", marker = "python_full_version < '3.11'" },
]
sdist = { url = "https://files.pythonhosted.org/packages/35/2d/7469c26dbeade72709096922db34a75fecb47c6953dba0cd4c14ee2b3b45/adafruit_blinka-8.66.2.tar.gz", hash = "sha256:35f72589aa45d8738922367753f5588700b043b35611510d8efbe818d1a355fd", size = 268839, upload-time = "2025-09-27T20:53:57.753Z" }
wheels = [
    { url = "https://files.pythonhosted.org/packages/70/c8/49ab498e87d04977a0c706af25825c5051daf2553b41c5b10eb7e9e8b19e/adafruit_blinka-8.66.2-py3-none-any.whl", hash = "sha256:93cfd6df6c523bc1312b731bdb4d51711d3ec6e468f18c8d40e09b7339bb2574", size = 399931, upload-time = "2025-09-27T20:53:56.014Z" },
]

[[package]]
name = "adafruit-circuitpython-busdevice"
version = "5.2.13"
source = { registry = "https://pypi.org/simple" }
dependencies = [
    { name = "adafruit-blinka" },
    { name = "adafruit-circuitpython-typing", version = "1.10.1", source = { registry = "https://pypi.org/simple" }, marker = "python_full_version < '3.8'" },
    { name = "adafruit-circuitpython-typing", version = "1.12.2", source = { registry = "https://pypi.org/simple" }, marker = "python_full_version >= '3.8'" },
]
sdist = { url = "https://files.pythonhosted.org/packages/34/de/6c974f577169789d5105baba5f9e7d3ac00fdc467bc21673382a5d9e41f4/adafruit_circuitpython_busdevice-5.2.13.tar.gz", hash = "sha256:8dbe511f08a347527652f494b55d793c91dc077e01666824b691ae96a05ff2e6", size = 24165, upload-time = "2025-06-17T16:35:35.483Z" }
wheels = [
    { url = "https://files.pythonhosted.org/packages/fb/4f/e9fad422c8e85213f3b9e2d0e58342c67bf03c50f889661adef12f07495f/adafruit_circuitpython_busdevice-5.2.13-py3-none-any.whl", hash = "sha256:de90f8cd9cc7f8815840f04b6a24c9aa5ec355b368934c7373e219a1c740ea97", size = 7501, upload-time = "2025-06-17T16:35:34.738Z" },
]

[[package]]
name = "adafruit-circuitpython-connectionmanager"
version = "3.1.5"
source = { registry = "https://pypi.org/simple" }
dependencies = [
    { name = "adafruit-blinka" },
]
sdist = { url = "https://files.pythonhosted.org/packages/6b/24/22c00c99d0597e703dd73b5f042854620a5db2424c03606e93d3f4e2e5a8/adafruit_circuitpython_connectionmanager-3.1.5.tar.gz", hash = "sha256:fc037d7ff81cf7bab7653f2810ed8c65fe228e7d51ca7a630724b412d6c77226", size = 33632, upload-time = "2025-06-17T16:33:46.705Z" }
wheels = [
    { url = "https://files.pythonhosted.org/packages/eb/37/09acb7aed34a1c72465884d071a9dbad112994a3f416ad904e4acfd83bc8/adafruit_circuitpython_connectionmanager-3.1.5-py3-none-any.whl", hash = "sha256:cea077efe79eaefcd8fc0d6649dbcc6cb0765f71a08bd944fb163043b18cd094", size = 7767, upload-time = "2025-06-17T16:33:45.931Z" },
]

[[package]]
name = "adafruit-circuitpython-htu31d"
version = "1.1.19"
source = { registry = "https://pypi.org/simple" }
dependencies = [
    { name = "adafruit-blinka" },
    { name = "adafruit-circuitpython-busdevice" },
    { name = "typing-extensions", version = "4.7.1", source = { registry = "https://pypi.org/simple" }, marker = "python_full_version < '3.8'" },
    { name = "typing-extensions", version = "4.13.2", source = { registry = "https://pypi.org/simple" }, marker = "python_full_version == '3.8.*'" },
    { name = "typing-extensions", version = "4.15.0", source = { registry = "https://pypi.org/simple" }, marker = "python_full_version >= '3.9'" },
]
sdist = { url = "https://files.pythonhosted.org/packages/43/ad/567a5c643c2ce1a742c107893714187f061adcc1f2a11d70706c9560c7d5/adafruit_circuitpython_htu31d-1.1.19.tar.gz", hash = "sha256:9da3ceb40420198dbd238733070b6700c418202d3d009f0c54f3dce12fed92bb", size = 24937, upload-time = "2025-06-17T16:15:22.08Z" }
wheels = [
    { url = "https://files.pythonhosted.org/packages/9a/57/93576b0bbcf59c33b5a211ad844c4a1d4f43bcb8e47793e25604721482aa/adafruit_circuitpython_htu31d-1.1.19-py3-none-any.whl", hash = "sha256:4089e1ab01d6c3a2a4ce947bf5e17d1c7c702507dac5d7afbac3f2487eeffe7f", size = 6393, upload-time = "2025-06-17T16:15:21.31Z" },
]

[[package]]
name = "adafruit-circuitpython-requests"
version = "4.1.13"
source = { registry = "https://pypi.org/simple" }
dependencies = [
    { name = "adafruit-blinka" },
    { name = "adafruit-circuitpython-connectionmanager" },
]
sdist = { url = "https://files.pythonhosted.org/packages/55/5c/d17ff26270289c11ea787a73a922c1a9d85d8dea67e8d2fad1e36b181bc1/adafruit_circuitpython_requests-4.1.13.tar.gz", hash = "sha256:a63fa4eb5824f1f458030da6f44a060d28c01570ffa48569b992abe8e477a1d6", size = 67276, upload-time = "2025-06-17T16:39:26.862Z" }
wheels = [
    { url = "https://files.pythonhosted.org/packages/bf/53/c59ee1edf3305fc5a66ea62db50918ce841a5f6bf7b94d273625a9364f7d/adafruit_circuitpython_requests-4.1.13-py3-none-any.whl", hash = "sha256:2d5af59a96dca033033fcc8c17829c3fb28ed8c36a95fe1093c463f5841bc5a5", size = 10880, upload-time = "2025-06-17T16:39:25.909Z" },
]

[[package]]
name = "adafruit-circuitpython-typing"
version = "1.10.1"
source = { registry = "https://pypi.org/simple" }
resolution-markers = [
    "python_full_version < '3.8'",
]
dependencies = [
    { name = "adafruit-blinka", marker = "python_full_version < '3.8'" },
    { name = "adafruit-circuitpython-busdevice", marker = "python_full_version < '3.8'" },
    { name = "adafruit-circuitpython-requests", marker = "python_full_version < '3.8'" },
    { name = "typing-extensions", version = "4.7.1", source = { registry = "https://pypi.org/simple" }, marker = "python_full_version < '3.8'" },
]
sdist = { url = "https://files.pythonhosted.org/packages/36/d9/8c20a684f16525cc2b18418ff4dbd6c0b74a8faa9b989fbdbcfe027dfd51/adafruit-circuitpython-typing-1.10.1.tar.gz", hash = "sha256:133230d5f61704637309623ab29811c120e13a2ff1923f3669a5d47b50efd17d", size = 29369, upload-time = "2024-02-13T18:46:14.993Z" }
wheels = [
    { url = "https://files.pythonhosted.org/packages/09/02/838b820e7aedff032a5d228128c670c4d8b22a603a404d142e2397a7eeea/adafruit_circuitpython_typing-1.10.1-py3-none-any.whl", hash = "sha256:7163f66050d0afc77953d9889680cb5d91b83a15a0302a051ad1682a892f55fe", size = 11221, upload-time = "2024-02-13T18:46:13.693Z" },
]

[[package]]
name = "adafruit-circuitpython-typing"
version = "1.12.2"
source = { registry = "https://pypi.org/simple" }
resolution-markers = [
    "python_full_version >= '3.9'",
    "python_full_version == '3.8.*'",
]
dependencies = [
    { name = "adafruit-blinka", marker = "python_full_version >= '3.8'" },
    { name = "adafruit-circuitpython-busdevice", marker = "python_full_version >= '3.8'" },
    { name = "adafruit-circuitpython-requests", marker = "python_full_version >= '3.8'" },
    { name = "typing-extensions", version = "4.13.2", source = { registry = "https://pypi.org/simple" }, marker = "python_full_version == '3.8.*'" },
    { name = "typing-extensions", version = "4.15.0", source = { registry = "https://pypi.org/simple" }, marker = "python_full_version >= '3.9'" },
]
sdist = { url = "https://files.pythonhosted.org/packages/31/12/cd335c0adfdbf836cd6cfc0658238fe1e056481cc9d83d1960acd4af6b0b/adafruit_circuitpython_typing-1.12.2.tar.gz", hash = "sha256:8a38ad064a665f84ce7a89454f0f37fd072f77d1b5b1a207bc54181cdd0d7e26", size = 25358, upload-time = "2025-09-08T19:52:43.56Z" }
wheels = [
    { url = "https://files.pythonhosted.org/packages/dc/9b/87d9f26652b10250d427f50116c00fa90c80d21c9c6cc361b69692cc29ca/adafruit_circuitpython_typing-1.12.2-py3-none-any.whl", hash = "sha256:d03e20cb86c5daaadd5297b7d729bd9280fae540a86cbe9fdfa687ca5f4b1f45", size = 11014, upload-time = "2025-09-08T19:52:42.414Z" },
]

[[package]]
name = "adafruit-platformdetect"
version = "3.84.0"
source = { registry = "https://pypi.org/simple" }
sdist = { url = "https://files.pythonhosted.org/packages/5a/7b/42a3d2a5d6f470a70e47c8c4c122c8014e91bda35876518709004651338b/adafruit_platformdetect-3.84.0.tar.gz", hash = "sha256:71dc77b358047e6ae4fe94247ea03449fe8ab3e3e937239d5bd1d4b942ebee73", size = 49154, upload-time = "2025-09-27T20:01:41.816Z" }
wheels = [
    { url = "https://files.pythonhosted.org/packages/aa/e0/932c83d203fa90961dc8f853bbfc889d1985a81267db0a1032a91f086af8/adafruit_platformdetect-3.84.0-py3-none-any.whl", hash = "sha256:7c0ebb89e3e40a36b53363377fe05b517e756b1a8944afcee25f633de79e149f", size = 26613, upload-time = "2025-09-27T20:01:40.292Z" },
]

[[package]]
name = "adafruit-pureio"
version = "1.1.11"
source = { registry = "https://pypi.org/simple" }
sdist = { url = "https://files.pythonhosted.org/packages/e5/b7/f1672435116822079bbdab42163f9e6424769b7db778873d95d18c085230/Adafruit_PureIO-1.1.11.tar.gz", hash = "sha256:c4cfbb365731942d1f1092a116f47dfdae0aef18c5b27f1072b5824ad5ea8c7c", size = 35511, upload-time = "2023-05-25T19:01:34.654Z" }
wheels = [
    { url = "https://files.pythonhosted.org/packages/19/9d/28e9d12f36e13c5f2acba3098187b0e931290ecd1d8df924391b5ad2db19/Adafruit_PureIO-1.1.11-py3-none-any.whl", hash = "sha256:281ab2099372cc0decc26326918996cbf21b8eed694ec4764d51eefa029d324e", size = 10678, upload-time = "2023-05-25T19:01:32.397Z" },
]

[[package]]
name = "binho-host-adapter"
version = "0.1.6"
source = { registry = "https://pypi.org/simple" }
dependencies = [
    { name = "pyserial" },
]
sdist = { url = "https://files.pythonhosted.org/packages/68/36/29b7b896e83e195fac6d64ccff95c0f24a18ee86e7437a22e60e0331d90a/binho-host-adapter-0.1.6.tar.gz", hash = "sha256:1e6da7a84e208c13b5f489066f05774bff1d593d0f5bf1ca149c2b8e83eae856", size = 10068, upload-time = "2020-06-04T19:38:11.789Z" }
wheels = [
    { url = "https://files.pythonhosted.org/packages/7b/6b/0f13486003aea3eb349c2946b7ec9753e7558b78e35d22c938062a96959c/binho_host_adapter-0.1.6-py3-none-any.whl", hash = "sha256:f71ca176c1e2fc1a5dce128beb286da217555c6c7c805f2ed282a6f3507ec277", size = 10540, upload-time = "2020-06-04T19:38:10.612Z" },
]

[[package]]
name = "lgpio"
version = "0.2.2.0"
source = { registry = "https://pypi.org/simple" }
sdist = { url = "https://files.pythonhosted.org/packages/56/33/26ec2e8049eaa2f077bf23a12dc61ca559fbfa7bea0516bf263d657ae275/lgpio-0.2.2.0.tar.gz", hash = "sha256:11372e653b200f76a0b3ef8a23a0735c85ec678a9f8550b9893151ed0f863fff", size = 90087, upload-time = "2024-03-29T21:59:55.901Z" }
wheels = [
    { url = "https://files.pythonhosted.org/packages/40/b9/d23f9539bbddf47c01a14fc96158a42d9de454fd9d04f7be1347ca6db8fd/lgpio-0.2.2.0-cp310-cp310-linux_armv7l.whl", hash = "sha256:97fe5fb0e888c96031e8899e8c0eca64c63076a6d1f1e774acad8696430b2ff6", size = 376674, upload-time = "2024-03-29T22:00:41.969Z" },
    { url = "https://files.pythonhosted.org/packages/9c/db/fbbade15dbc9febdbd06bd82531c0a78206f96262003145d6953396d9554/lgpio-0.2.2.0-cp310-cp310-manylinux_2_34_aarch64.whl", hash = "sha256:f8f1a2818ed4293182999679ac8559aea70d45743f5a3ae8025837e529d9e0d4", size = 356711, upload-time = "2024-04-01T22:49:43.455Z" },
    { url = "https://files.pythonhosted.org/packages/d5/ca/1c5278b2548e956a52a07efae91ce2300f81c8cf4ad3d7d6b98ce8987e15/lgpio-0.2.2.0-cp310-cp310-manylinux_2_34_x86_64.whl", hash = "sha256:d245f315e4bc5ba1b72df9fd935a16c99e56ccf6b41d9f66a87804c1dfd91c86", size = 362126, upload-time = "2024-04-13T14:08:11.879Z" },
    { url = "https://files.pythonhosted.org/packages/78/4e/5721ae44b29e4fe9175f68c881694e3713066590739a7c87f8cee2835c25/lgpio-0.2.2.0-cp311-cp311-linux_armv7l.whl", hash = "sha256:5b3c403e1fba9c17d178f1bde102726c548fc5c4fc1ccf5ec3e18f3c08e07e04", size = 382992, upload-time = "2024-03-29T22:00:45.039Z" },
    { url = "https://files.pythonhosted.org/packages/88/53/e57a22fe815fc68d0991655c1105b8ed872a68491d32e4e0e7d10ffb5c4d/lgpio-0.2.2.0-cp311-cp311-manylinux_2_34_aarch64.whl", hash = "sha256:a2f71fb95b149d8ac82c7c6bae70f054f6dc42a006ad35c90c7d8e54921fbcf4", size = 364848, upload-time = "2024-04-01T22:49:45.889Z" },
    { url = "https://files.pythonhosted.org/packages/a4/71/11f4e3d76400e4ca43f9f9b014f5a86d9a265340c0bea45cce037277eb34/lgpio-0.2.2.0-cp311-cp311-manylinux_2_34_x86_64.whl", hash = "sha256:e9f4f3915abe5ae0ffdb4b96f485076d80a663876d839e2d3fd9218a71b9873e", size = 370183, upload-time = "2024-04-13T14:08:14.139Z" },
    { url = "https://files.pythonhosted.org/packages/fe/73/e56c9afb845df53492d42bdea01df9895272bccfdd5128f34719c3a07990/lgpio-0.2.2.0-cp312-cp312-linux_armv7l.whl", hash = "sha256:6c65ac42e878764d04a71ed12fe6d46089b36e9e8127722bf29bb2e4bc91de22", size = 383956, upload-time = "2024-03-29T22:00:47.315Z" },
    { url = "https://files.pythonhosted.org/packages/3b/1c/becd00f66d2c65feed9a668ff9d91732394cb6baba7bec505d55de0e30c9/lgpio-0.2.2.0-cp312-cp312-manylinux_2_34_aarch64.whl", hash = "sha256:d907db79292c721c605af08187385ddb3b7af09907e1ffca56cf0cd6558ace0a", size = 366058, upload-time = "2024-04-01T22:49:47.615Z" },
    { url = "https://files.pythonhosted.org/packages/4c/7a/e3b4e5225c9792c4092b2cc07504746acbe62d0a8e4cb023bdf65f6430cf/lgpio-0.2.2.0-cp312-cp312-manylinux_2_34_x86_64.whl", hash = "sha256:2aadff092f642fcdada8457c158f87259dfda3a89ec19bae0b99ff22b34aac4b", size = 372103, upload-time = "2024-04-13T14:08:16.351Z" },
    { url = "https://files.pythonhosted.org/packages/07/bb/61170f77afe6be106eb76994468d0b814df5d69475b2ef4c58df6dbbbe34/lgpio-0.2.2.0-cp39-cp39-linux_armv7l.whl", hash = "sha256:1594dd4fdf054ff396bf0730802732c26aa2040d6c70250d0d34f703baafd121", size = 376643, upload-time = "2024-03-29T22:00:51.795Z" },
    { url = "https://files.pythonhosted.org/packages/7e/ec/ebfcb05deb276f34aa2abf9f4163980014177a916ffd217525f47b63192d/lgpio-0.2.2.0-cp39-cp39-manylinux_2_34_aarch64.whl", hash = "sha256:9ed135824c717901457dcf2462bb1af9f5445aa6e56bb7a9263fc064620ef586", size = 356475, upload-time = "2024-04-01T22:49:49.92Z" },
    { url = "https://files.pythonhosted.org/packages/0b/69/f60b1479b4370f3f9fba696d1c42e5802292421a2f96f63fff001698848c/lgpio-0.2.2.0-cp39-cp39-manylinux_2_34_x86_64.whl", hash = "sha256:f95d6a6db23f99e745e0aee36cd49a515dd6846a5ddb49474c73a390bb2048e2", size = 361735, upload-time = "2024-04-13T14:08:18.011Z" },
]

[[package]]
name = "octoprint-htu31"
version = "0.2.0"
source = { editable = "." }
dependencies = [
    { name = "adafruit-circuitpython-htu31d" },
    { name = "lgpio" },
    { name = "rpi-gpio" },
]

[package.metadata]
requires-dist = [
    { name = "adafruit-circuitpython-htu31d", specifier = ">=1.1.19" },
    { name = "lgpio", specifier = ">=0.2.2.0" },
    { name = "rpi-gpio", specifier = ">=0.7.1" },
]

[[package]]
name = "pyftdi"
version = "0.54.0"
source = { registry = "https://pypi.org/simple" }
resolution-markers = [
    "python_full_version < '3.8'",
]
dependencies = [
    { name = "pyserial", marker = "python_full_version < '3.8'" },
    { name = "pyusb", version = "1.2.1", source = { registry = "https://pypi.org/simple" }, marker = "python_full_version < '3.8'" },
]
sdist = { url = "https://files.pythonhosted.org/packages/49/a3/6cd09c0493662b285b2ba87a08b1378a5b13e5cab44eb6a3f740c801c804/pyftdi-0.54.0.tar.gz", hash = "sha256:8df9af22077d17533d2f95b508b1d87959877627ea5dc2369056e90a3b5a232d", size = 137179, upload-time = "2022-03-13T21:48:49.791Z" }
wheels = [
    { url = "https://files.pythonhosted.org/packages/17/ce/a97811c3e7e2d5a9520b88801dcc70ac1b553ed31b9819b2fce14ffa9aa3/pyftdi-0.54.0-py3-none-any.whl", hash = "sha256:112f16ee5b2a2becb8f8df9dd40b3bba007589f34e7613024122d94bd56eb7d7", size = 144798, upload-time = "2022-03-13T21:48:47.482Z" },
]

[[package]]
name = "pyftdi"
version = "0.55.4"
source = { registry = "https://pypi.org/simple" }
resolution-markers = [
    "python_full_version == '3.8.*'",
]
dependencies = [
    { name = "pyserial", marker = "python_full_version == '3.8.*'" },
    { name = "pyusb", version = "1.2.1", source = { registry = "https://pypi.org/simple" }, marker = "python_full_version == '3.8.*'" },
]
sdist = { url = "https://files.pythonhosted.org/packages/8f/b4/8578b8e4c1e69faa8297cb1e1fd0c86de03bb7eeb3e7cb63157e1e72abfb/pyftdi-0.55.4.tar.gz", hash = "sha256:cb2770b606507024a65e0a520bf892f239a36cec25cab45338ce3e3027de53c8", size = 137983, upload-time = "2024-04-10T08:02:17.951Z" }
wheels = [
    { url = "https://files.pythonhosted.org/packages/03/ef/1d6dd88ec0a3e6741f0b1f7561b30d6715ecbf3bae7b2777e74439f3fff3/pyftdi-0.55.4-py3-none-any.whl", hash = "sha256:64a804ea1c652e6935897df7867dbba18910848cad0a4927ccdb06813c072c85", size = 145632, upload-time = "2024-04-10T08:02:15.672Z" },
]

[[package]]
name = "pyftdi"
version = "0.57.1"
source = { registry = "https://pypi.org/simple" }
resolution-markers = [
    "python_full_version >= '3.9'",
]
dependencies = [
    { name = "pyserial", marker = "python_full_version >= '3.9'" },
    { name = "pyusb", version = "1.3.1", source = { registry = "https://pypi.org/simple" }, marker = "python_full_version >= '3.9'" },
]
wheels = [
    { url = "https://files.pythonhosted.org/packages/16/cd/0731490946e037e954ef83719f07c7672cf32bc90dd9c75201c40b827664/pyftdi-0.57.1-py3-none-any.whl", hash = "sha256:efd3f5a7d43202dc883ff261a7b1cb4dcbbe65b19628f8603a8b1183a7bc2841", size = 146180, upload-time = "2025-08-14T15:59:16.164Z" },
]

[[package]]
name = "pyserial"
version = "3.5"
source = { registry = "https://pypi.org/simple" }
sdist = { url = "https://files.pythonhosted.org/packages/1e/7d/ae3f0a63f41e4d2f6cb66a5b57197850f919f59e558159a4dd3a818f5082/pyserial-3.5.tar.gz", hash = "sha256:3c77e014170dfffbd816e6ffc205e9842efb10be9f58ec16d3e8675b4925cddb", size = 159125, upload-time = "2020-11-23T03:59:15.045Z" }
wheels = [
    { url = "https://files.pythonhosted.org/packages/07/bc/587a445451b253b285629263eb51c2d8e9bcea4fc97826266d186f96f558/pyserial-3.5-py2.py3-none-any.whl", hash = "sha256:c4451db6ba391ca6ca299fb3ec7bae67a5c55dde170964c7a14ceefec02f2cf0", size = 90585, upload-time = "2020-11-23T03:59:13.41Z" },
]

[[package]]
name = "pyusb"
version = "1.2.1"
source = { registry = "https://pypi.org/simple" }
resolution-markers = [
    "python_full_version == '3.8.*'",
    "python_full_version < '3.8'",
]
sdist = { url = "https://files.pythonhosted.org/packages/d9/6e/433a5614132576289b8643fe598dd5d51b16e130fd591564be952e15bb45/pyusb-1.2.1.tar.gz", hash = "sha256:a4cc7404a203144754164b8b40994e2849fde1cfff06b08492f12fff9d9de7b9", size = 75292, upload-time = "2021-07-09T02:58:46.962Z" }
wheels = [
    { url = "https://files.pythonhosted.org/packages/15/a8/4982498b2ab44d1fcd5c49f07ea3795eab01601dc143b009d333fcace3b9/pyusb-1.2.1-py3-none-any.whl", hash = "sha256:2b4c7cb86dbadf044dfb9d3a4ff69fd217013dbe78a792177a3feb172449ea36", size = 58439, upload-time = "2021-07-09T02:58:44.894Z" },
]

[[package]]
name = "pyusb"
version = "1.3.1"
source = { registry = "https://pypi.org/simple" }
resolution-markers = [
    "python_full_version >= '3.9'",
]
sdist = { url = "https://files.pythonhosted.org/packages/00/6b/ce3727395e52b7b76dfcf0c665e37d223b680b9becc60710d4bc08b7b7cb/pyusb-1.3.1.tar.gz", hash = "sha256:3af070b607467c1c164f49d5b0caabe8ac78dbed9298d703a8dbf9df4052d17e", size = 77281, upload-time = "2025-01-08T23:45:01.866Z" }
wheels = [
    { url = "https://files.pythonhosted.org/packages/28/b8/27e6312e86408a44fe16bd28ee12dd98608b39f7e7e57884a24e8f29b573/pyusb-1.3.1-py3-none-any.whl", hash = "sha256:bf9b754557af4717fe80c2b07cc2b923a9151f5c08d17bdb5345dac09d6a0430", size = 58465, upload-time = "2025-01-08T23:45:00.029Z" },
]

[[package]]
name = "rpi-gpio"
version = "0.7.1"
source = { registry = "https://pypi.org/simple" }
sdist = { url = "https://files.pythonhosted.org/packages/c4/0f/10b524a12b3445af1c607c27b2f5ed122ef55756e29942900e5c950735f2/RPi.GPIO-0.7.1.tar.gz", hash = "sha256:cd61c4b03c37b62bba4a5acfea9862749c33c618e0295e7e90aa4713fb373b70", size = 29090, upload-time = "2022-02-06T15:15:06.022Z" }
wheels = [
    { url = "https://files.pythonhosted.org/packages/40/48/e5698d5589d63907593c2909b8e4f0e7b559af19a73de003b1dabb5332c7/RPi.GPIO-0.7.1-cp310-cp310-linux_armv6l.whl", hash = "sha256:57b6c044ef5375a78c8dda27cdfadf329e76aa6943cd6cffbbbd345a9adf9ca5", size = 69820, upload-time = "2022-02-06T15:14:56.019Z" },
    { url = "https://files.pythonhosted.org/packages/0c/c7/5f7aa692960e0eb187fa8206ab1f219757a259570c634fe15e2ca7d95aa2/RPi.GPIO-0.7.1-cp37-cp37m-linux_armv6l.whl", hash = "sha256:77afb817b81331ce3049a4b8f94a85e41b7c404d8e56b61ac0f1eb75c3120868", size = 70407, upload-time = "2022-02-06T15:14:57.904Z" },
    { url = "https://files.pythonhosted.org/packages/b4/4e/1ff704c41ae2dd5d9e0481fa41781ec2f62c80159b02769b2a69215b5600/RPi.GPIO-0.7.1-cp38-cp38-linux_armv6l.whl", hash = "sha256:29226823da8b5ccb9001d795a944f2e00924eeae583490f0bc7317581172c624", size = 68353, upload-time = "2022-02-06T15:14:59.444Z" },
    { url = "https://files.pythonhosted.org/packages/b7/f4/19ac7172e60983148970abcd96a5c5d099febf538f35e9f569b3c1a70543/RPi.GPIO-0.7.1-cp39-cp39-linux_armv6l.whl", hash = "sha256:15311d3b063b71dee738cd26570effc9985a952454d162937c34e08c0fc99902", size = 69302, upload-time = "2022-02-06T15:15:01.252Z" },
]

[[package]]
name = "sysv-ipc"
version = "1.1.0"
source = { registry = "https://pypi.org/simple" }
sdist = { url = "https://files.pythonhosted.org/packages/0c/d7/5d2f861155e9749f981e6c58f2a482d3ab458bf8c35ae24d4b4d5899ebf9/sysv_ipc-1.1.0.tar.gz", hash = "sha256:0f063cbd36ec232032e425769ebc871f195a7d183b9af32f9901589ea7129ac3", size = 99448, upload-time = "2021-01-17T19:07:44.217Z" }

[[package]]
name = "toml"
version = "0.10.2"
source = { registry = "https://pypi.org/simple" }
sdist = { url = "https://files.pythonhosted.org/packages/be/ba/1f744cdc819428fc6b5084ec34d9b30660f6f9daaf70eead706e3203ec3c/toml-0.10.2.tar.gz", hash = "sha256:b3bda1d108d5dd99f4a20d24d9c348e91c4db7ab1b749200bded2f839ccbe68f", size = 22253, upload-time = "2020-11-01T01:40:22.204Z" }
wheels = [
    { url = "https://files.pythonhosted.org/packages/44/6f/7120676b6d73228c96e17f1f794d8ab046fc910d781c8d151120c3f1569e/toml-0.10.2-py2.py3-none-any.whl", hash = "sha256:806143ae5bfb6a3c6e736a764057db0e6a0e05e338b5630894a5f779cabb4f9b", size = 16588, upload-time = "2020-11-01T01:40:20.672Z" },
]

[[package]]
name = "typing-extensions"
version = "4.7.1"
source = { registry = "https://pypi.org/simple" }
resolution-markers = [
    "python_full_version < '3.8'",
]
sdist = { url = "https://files.pythonhosted.org/packages/3c/8b/0111dd7d6c1478bf83baa1cab85c686426c7a6274119aceb2bd9d35395ad/typing_extensions-4.7.1.tar.gz", hash = "sha256:b75ddc264f0ba5615db7ba217daeb99701ad295353c45f9e95963337ceeeffb2", size = 72876, upload-time = "2023-07-02T14:20:55.045Z" }
wheels = [
    { url = "https://files.pythonhosted.org/packages/ec/6b/63cc3df74987c36fe26157ee12e09e8f9db4de771e0f3404263117e75b95/typing_extensions-4.7.1-py3-none-any.whl", hash = "sha256:440d5dd3af93b060174bf433bccd69b0babc3b15b1a8dca43789fd7f61514b36", size = 33232, upload-time = "2023-07-02T14:20:53.275Z" },
]

[[package]]
name = "typing-extensions"
version = "4.13.2"
source = { registry = "https://pypi.org/simple" }
resolution-markers = [
    "python_full_version == '3.8.*'",
]
sdist = { url = "https://files.pythonhosted.org/packages/f6/37/23083fcd6e35492953e8d2aaaa68b860eb422b34627b13f2ce3eb6106061/typing_extensions-4.13.2.tar.gz", hash = "sha256:e6c81219bd689f51865d9e372991c540bda33a0379d5573cddb9a3a23f7caaef", size = 106967, upload-time = "2025-04-10T14:19:05.416Z" }
wheels = [
    { url = "https://files.pythonhosted.org/packages/8b/54/b1ae86c0973cc6f0210b53d508ca3641fb6d0c56823f288d108bc7ab3cc8/typing_extensions-4.13.2-py3-none-any.whl", hash = "sha256:a439e7c04b49fec3e5d3e2beaa21755cadbbdc391694e28ccdd36ca4a1408f8c", size = 45806, upload-time = "2025-04-10T14:19:03.967Z" },
]

[[package]]
name = "typing-extensions"
version = "4.15.0"
source = { registry = "https://pypi.org/simple" }
resolution-markers = [
    "python_full_version >= '3.9'",
]
sdist = { url = "https://files.pythonhosted.org/packages/72/94/1a15dd82efb362ac84269196e94cf00f187f7ed21c242792a923cdb1c61f/typing_extensions-4.15.0.tar.gz", hash = "sha256:0cea48d173cc12fa28ecabc3b837ea3cf6f38c6d1136f85cbaaf598984861466", size = 109391, upload-time = "2025-08-25T13:49:26.313Z" }
wheels = [
    { url = "https://files.pythonhosted.org/packages/18/67/36e9267722cc04a6b9f15c7f3441c2363321a3ea07da7ae0c0707beb2a9c/typing_extensions-4.15.0-py3-none-any.whl", hash = "sha256:f0fa19c6845758ab08074a0cfa8b7aecb71c999ca73d62883bc25cc018c4e548", size = 44614, upload-time = "2025-08-25T13:49:24.86Z" },
]
