# This file is automatically @generated by Poetry 1.8.2 and should not be changed by hand.

[[package]]
name = "adafruit-blinka"
version = "8.46.1"
description = "CircuitPython APIs for non-CircuitPython versions of Python such as CPython on Linux and MicroPython."
optional = false
python-versions = ">=3.7.0"
files = [
    {file = "Adafruit_Blinka-8.46.1-py3-none-any.whl", hash = "sha256:15fc177a2cacea551bb0c342ae55bf2fd041bcf43bb7ced46dadabf5259dbf54"},
    {file = "adafruit_blinka-8.46.1.tar.gz", hash = "sha256:2236b46cb2a26833ba371f80f539ba655900dfd92983fc57c85a62b5f4ef8f47"},
]

[package.dependencies]
adafruit-circuitpython-typing = "*"
Adafruit-PlatformDetect = ">=3.70.1"
Adafruit-PureIO = ">=1.1.7"
binho-host-adapter = ">=0.1.6"
pyftdi = ">=0.40.0"
sysv-ipc = {version = ">=1.1.0", markers = "sys_platform == \"linux\" and platform_machine != \"mips\""}

[[package]]
name = "adafruit-circuitpython-busdevice"
version = "5.2.9"
description = "CircuitPython bus device classes to manage bus sharing."
optional = false
python-versions = "*"
files = [
    {file = "adafruit_circuitpython_busdevice-5.2.9-py3-none-any.whl", hash = "sha256:78245c551eb3795a4f3739f1adac0b08a65c9fb0f722e866de620482cbbac51f"},
    {file = "adafruit_circuitpython_busdevice-5.2.9.tar.gz", hash = "sha256:9f9c3df385091410dac5961918e475ec88faed7ff543ad6d74208f08c2566513"},
]

[package.dependencies]
Adafruit-Blinka = ">=7.0.0"
adafruit-circuitpython-typing = "*"

[[package]]
name = "adafruit-circuitpython-connectionmanager"
version = "3.1.1"
description = "A urllib3.poolmanager/urllib3.connectionpool-like library for managing sockets and connections"
optional = false
python-versions = "*"
files = [
    {file = "adafruit_circuitpython_connectionmanager-3.1.1-py3-none-any.whl", hash = "sha256:0b6df0f18c25208b59a007f7dcde58d8b147643738a1cd9ac03f3b1ac0129540"},
    {file = "adafruit_circuitpython_connectionmanager-3.1.1.tar.gz", hash = "sha256:652bf7ec8a12f5a8b086b4d3540d56c53dc82915a6a08b0b8e46a1b82b0ad535"},
]

[package.dependencies]
Adafruit-Blinka = "*"

[[package]]
name = "adafruit-circuitpython-htu31d"
version = "1.1.14"
description = "Python library for TE HTU31D temperature and humidity sensors"
optional = false
python-versions = "*"
files = [
    {file = "adafruit-circuitpython-htu31d-1.1.14.tar.gz", hash = "sha256:1ee023852d26a77dfbbf8069ceb4b9359926c9752896de277485b473655b7fc1"},
    {file = "adafruit_circuitpython_htu31d-1.1.14-py3-none-any.whl", hash = "sha256:df74087d1503683f3891b80276d3f2e7559c26743a63a0da72f9b3243a3357ac"},
]

[package.dependencies]
Adafruit-Blinka = "*"
adafruit-circuitpython-busdevice = "*"
typing-extensions = ">=4.0,<5.0"

[[package]]
name = "adafruit-circuitpython-requests"
version = "4.1.6"
description = "A requests-like library for web interfacing"
optional = false
python-versions = "*"
files = [
    {file = "adafruit_circuitpython_requests-4.1.6-py3-none-any.whl", hash = "sha256:4a7435ecf13924c1143b3204e0695cf17c91e18010741a29088892d73feaafb6"},
    {file = "adafruit_circuitpython_requests-4.1.6.tar.gz", hash = "sha256:faf9b8ce563763844126aefbddb2a7e4ea57e2edfeae589779df7d209c7dcd84"},
]

[package.dependencies]
Adafruit-Blinka = "*"
Adafruit-Circuitpython-ConnectionManager = "*"

[package.extras]
optional = ["requests"]

[[package]]
name = "adafruit-circuitpython-typing"
version = "1.10.3"
description = "Types needed for type annotation that are not in `typing`"
optional = false
python-versions = ">=3.8"
files = [
    {file = "adafruit-circuitpython-typing-1.10.3.tar.gz", hash = "sha256:4c5c1eeb3ae8a3d2dfa75129654c73690fbdb576d9069542a6ea3355467e1e74"},
    {file = "adafruit_circuitpython_typing-1.10.3-py3-none-any.whl", hash = "sha256:4e23d6828deafa4dfd554fd7d3f06b8ff8e2cc554b9c7aecba9d778d45970c18"},
]

[package.dependencies]
Adafruit-Blinka = "*"
adafruit-circuitpython-busdevice = "*"
adafruit-circuitpython-requests = "*"
typing-extensions = ">=4.0,<5.0"

[[package]]
name = "adafruit-platformdetect"
version = "3.72.1"
description = "Platform detection for use by libraries like Adafruit-Blinka."
optional = false
python-versions = "*"
files = [
    {file = "Adafruit_PlatformDetect-3.72.1-py3-none-any.whl", hash = "sha256:65a0aa5054a4a9a8f7e3d4eec9828815a4e1b02085b3c977975e41f697226fd5"},
    {file = "adafruit_platformdetect-3.72.1.tar.gz", hash = "sha256:a360ccb5fddfe60ce52304bb2d5a5345993df03997e33b7fd2dc65e51c39f02c"},
]

[[package]]
name = "adafruit-pureio"
version = "1.1.11"
description = "Pure python (i.e. no native extensions) access to Linux IO    including I2C and SPI. Drop in replacement for smbus and spidev modules."
optional = false
python-versions = ">=3.5.0"
files = [
    {file = "Adafruit_PureIO-1.1.11-py3-none-any.whl", hash = "sha256:281ab2099372cc0decc26326918996cbf21b8eed694ec4764d51eefa029d324e"},
    {file = "Adafruit_PureIO-1.1.11.tar.gz", hash = "sha256:c4cfbb365731942d1f1092a116f47dfdae0aef18c5b27f1072b5824ad5ea8c7c"},
]

[[package]]
name = "binho-host-adapter"
version = "0.1.6"
description = "Python Libraries for Binho Multi-Protocol USB Host Adapters"
optional = false
python-versions = "*"
files = [
    {file = "binho-host-adapter-0.1.6.tar.gz", hash = "sha256:1e6da7a84e208c13b5f489066f05774bff1d593d0f5bf1ca149c2b8e83eae856"},
    {file = "binho_host_adapter-0.1.6-py3-none-any.whl", hash = "sha256:f71ca176c1e2fc1a5dce128beb286da217555c6c7c805f2ed282a6f3507ec277"},
]

[package.dependencies]
pyserial = "*"

[[package]]
name = "pyftdi"
version = "0.55.4"
description = "FTDI device driver (pure Python)"
optional = false
python-versions = ">=3.8"
files = [
    {file = "pyftdi-0.55.4-py3-none-any.whl", hash = "sha256:64a804ea1c652e6935897df7867dbba18910848cad0a4927ccdb06813c072c85"},
    {file = "pyftdi-0.55.4.tar.gz", hash = "sha256:cb2770b606507024a65e0a520bf892f239a36cec25cab45338ce3e3027de53c8"},
]

[package.dependencies]
pyserial = ">=3.0"
pyusb = ">=1.0.0,<1.2.0 || >1.2.0"

[[package]]
name = "pyserial"
version = "3.5"
description = "Python Serial Port Extension"
optional = false
python-versions = "*"
files = [
    {file = "pyserial-3.5-py2.py3-none-any.whl", hash = "sha256:c4451db6ba391ca6ca299fb3ec7bae67a5c55dde170964c7a14ceefec02f2cf0"},
    {file = "pyserial-3.5.tar.gz", hash = "sha256:3c77e014170dfffbd816e6ffc205e9842efb10be9f58ec16d3e8675b4925cddb"},
]

[package.extras]
cp2110 = ["hidapi"]

[[package]]
name = "pyusb"
version = "1.2.1"
description = "Python USB access module"
optional = false
python-versions = ">=3.6.0"
files = [
    {file = "pyusb-1.2.1-py3-none-any.whl", hash = "sha256:2b4c7cb86dbadf044dfb9d3a4ff69fd217013dbe78a792177a3feb172449ea36"},
    {file = "pyusb-1.2.1.tar.gz", hash = "sha256:a4cc7404a203144754164b8b40994e2849fde1cfff06b08492f12fff9d9de7b9"},
]

[[package]]
name = "sysv-ipc"
version = "1.1.0"
description = "System V IPC primitives (semaphores, shared memory and message queues) for Python"
optional = false
python-versions = "*"
files = [
    {file = "sysv_ipc-1.1.0-cp36-cp36m-macosx_10_9_x86_64.whl", hash = "sha256:ff6e3c98d8aa3e1ae5378d86869c4699c76f94318705d08085c97fb010770a31"},
    {file = "sysv_ipc-1.1.0-cp37-cp37m-macosx_10_9_x86_64.whl", hash = "sha256:30611dccecd8fa0dc9f83d4d465e5047692df0ec9a095abef8b90ccc64afbdaf"},
    {file = "sysv_ipc-1.1.0-cp38-cp38-macosx_10_9_x86_64.whl", hash = "sha256:4bbbe4e5ad5ab859e6d21fc8ff3e3b01082b959fa5c2cd76289dbcd56350c5f9"},
    {file = "sysv_ipc-1.1.0-cp39-cp39-macosx_10_9_x86_64.whl", hash = "sha256:61190b934b0277f7a189092dcabceee8d9736fd73de90fd9b50ea69f0bac4723"},
    {file = "sysv_ipc-1.1.0.tar.gz", hash = "sha256:0f063cbd36ec232032e425769ebc871f195a7d183b9af32f9901589ea7129ac3"},
]

[[package]]
name = "typing-extensions"
version = "4.12.2"
description = "Backported and Experimental Type Hints for Python 3.8+"
optional = false
python-versions = ">=3.8"
files = [
    {file = "typing_extensions-4.12.2-py3-none-any.whl", hash = "sha256:04e5ca0351e0f3f85c6853954072df659d0d13fac324d0072316b67d7794700d"},
    {file = "typing_extensions-4.12.2.tar.gz", hash = "sha256:1a7ead55c7e559dd4dee8856e3a88b41225abfe1ce8df57b7c13915fe121ffb8"},
]

[metadata]
lock-version = "2.0"
python-versions = "^3.12"
content-hash = "78fd6819cea928330990258de4a93a834a267e7d584f4fd4a63ef21cca1f9afd"
